
Microsoft Visual Studio Solution File, Format Version 12.00
# Visual Studio Version 16
VisualStudioVersion = 16.0.30114.105
MinimumVisualStudioVersion = 10.0.40219.1
Project("{9A19103F-16F7-4668-BE54-9A1E7A4F7556}") = "Accelerator.API", "Accelerator.API\Accelerator.API.csproj", "{D6FCB190-08E6-4FC9-9B72-20748867C9DC}"
EndProject
Project("{9A19103F-16F7-4668-BE54-9A1E7A4F7556}") = "Accelerator.Contracts", "Accelerator.Contracts\Accelerator.Contracts.csproj", "{A3BB5034-8FBF-4F41-9F85-9111EB849773}"
EndProject
Global
	GlobalSection(SolutionConfigurationPlatforms) = preSolution
		Debug|Any CPU = Debug|Any CPU
		Debug|x64 = Debug|x64
		Debug|x86 = Debug|x86
		Release|Any CPU = Release|Any CPU
		Release|x64 = Release|x64
		Release|x86 = Release|x86
	EndGlobalSection
	GlobalSection(ProjectConfigurationPlatforms) = postSolution
		{D6FCB190-08E6-4FC9-9B72-20748867C9DC}.Debug|Any CPU.ActiveCfg = Debug|Any CPU
		{D6FCB190-08E6-4FC9-9B72-20748867C9DC}.Debug|Any CPU.Build.0 = Debug|Any CPU
		{D6FCB190-08E6-4FC9-9B72-20748867C9DC}.Debug|x64.ActiveCfg = Debug|Any CPU
		{D6FCB190-08E6-4FC9-9B72-20748867C9DC}.Debug|x64.Build.0 = Debug|Any CPU
		{D6FCB190-08E6-4FC9-9B72-20748867C9DC}.Debug|x86.ActiveCfg = Debug|Any CPU
		{D6FCB190-08E6-4FC9-9B72-20748867C9DC}.Debug|x86.Build.0 = Debug|Any CPU
		{D6FCB190-08E6-4FC9-9B72-20748867C9DC}.Release|Any CPU.ActiveCfg = Release|Any CPU
		{D6FCB190-08E6-4FC9-9B72-20748867C9DC}.Release|Any CPU.Build.0 = Release|Any CPU
		{D6FCB190-08E6-4FC9-9B72-20748867C9DC}.Release|x64.ActiveCfg = Release|Any CPU
		{D6FCB190-08E6-4FC9-9B72-20748867C9DC}.Release|x64.Build.0 = Release|Any CPU
		{D6FCB190-08E6-4FC9-9B72-20748867C9DC}.Release|x86.ActiveCfg = Release|Any CPU
		{D6FCB190-08E6-4FC9-9B72-20748867C9DC}.Release|x86.Build.0 = Release|Any CPU
		{A3BB5034-8FBF-4F41-9F85-9111EB849773}.Debug|Any CPU.ActiveCfg = Debug|Any CPU
		{A3BB5034-8FBF-4F41-9F85-9111EB849773}.Debug|Any CPU.Build.0 = Debug|Any CPU
		{A3BB5034-8FBF-4F41-9F85-9111EB849773}.Debug|x64.ActiveCfg = Debug|Any CPU
		{A3BB5034-8FBF-4F41-9F85-9111EB849773}.Debug|x64.Build.0 = Debug|Any CPU
		{A3BB5034-8FBF-4F41-9F85-9111EB849773}.Debug|x86.ActiveCfg = Debug|Any CPU
		{A3BB5034-8FBF-4F41-9F85-9111EB849773}.Debug|x86.Build.0 = Debug|Any CPU
		{A3BB5034-8FBF-4F41-9F85-9111EB849773}.Release|Any CPU.ActiveCfg = Release|Any CPU
		{A3BB5034-8FBF-4F41-9F85-9111EB849773}.Release|Any CPU.Build.0 = Release|Any CPU
		{A3BB5034-8FBF-4F41-9F85-9111EB849773}.Release|x64.ActiveCfg = Release|Any CPU
		{A3BB5034-8FBF-4F41-9F85-9111EB849773}.Release|x64.Build.0 = Release|Any CPU
		{A3BB5034-8FBF-4F41-9F85-9111EB849773}.Release|x86.ActiveCfg = Release|Any CPU
		{A3BB5034-8FBF-4F41-9F85-9111EB849773}.Release|x86.Build.0 = Release|Any CPU
	EndGlobalSection
	GlobalSection(SolutionProperties) = preSolution
		HideSolutionNode = FALSE
	EndGlobalSection
	GlobalSection(ExtensibilityGlobals) = postSolution
		SolutionGuid = {8AA670DD-DB64-4607-A0A7-D1019DA44029}
	EndGlobalSection
EndGlobal
